
Microsoft Visual Studio Solution File, Format Version 12.00
# Visual Studio Version 17
VisualStudioVersion = 17.4.33205.214
MinimumVisualStudioVersion = 10.0.40219.1
Project("{9A19103F-16F7-4668-BE54-9A1E7A4F7556}") = "FinTrack.Domain", "FinTrack.Domain\FinTrack.Domain.csproj", "{1F58B5CB-66AE-4503-B5E5-304CA9643A9E}"
EndProject
Project("{9A19103F-16F7-4668-BE54-9A1E7A4F7556}") = "FinTrack.Application", "FinTrack.Application\FinTrack.Application.csproj", "{9E02BD86-57E6-46F2-A5AB-291424D99543}"
EndProject
Project("{9A19103F-16F7-4668-BE54-9A1E7A4F7556}") = "FinTrack.Infrastructure", "FinTrack.Infrastructure\FinTrack.Infrastructure.csproj", "{D22F2F8E-CABC-47A7-AD70-F6426BD54374}"
EndProject
Project("{9A19103F-16F7-4668-BE54-9A1E7A4F7556}") = "FinTrack.WebAPI", "FinTrack.WebAPI\FinTrack.WebAPI.csproj", "{6FEC9985-6FD8-48C3-A7B2-88481E0107E1}"
EndProject
Project("{9A19103F-16F7-4668-BE54-9A1E7A4F7556}") = "FinTrack.UnitTests", "FinTrack.UnitTests\FinTrack.UnitTests.csproj", "{E4340E90-4222-4CA8-B073-5EB9D982BEE1}"
EndProject
Project("{9A19103F-16F7-4668-BE54-9A1E7A4F7556}") = "FinTrack.IntegrationTests", "FinTrack.IntegrationTests\FinTrack.IntegrationTests.csproj", "{EFF16739-CBB2-41A1-A67F-65F4A240EC17}"
EndProject
Project("{2150E333-8FDC-42A3-9474-1A3956D46DE8}") = "Tests", "Tests", "{4C02A444-E8AC-4E38-B105-1F429BDF4AD4}"
EndProject
Global
	GlobalSection(SolutionConfigurationPlatforms) = preSolution
		Debug|Any CPU = Debug|Any CPU
		Release|Any CPU = Release|Any CPU
	EndGlobalSection
	GlobalSection(ProjectConfigurationPlatforms) = postSolution
		{1F58B5CB-66AE-4503-B5E5-304CA9643A9E}.Debug|Any CPU.ActiveCfg = Debug|Any CPU
		{1F58B5CB-66AE-4503-B5E5-304CA9643A9E}.Debug|Any CPU.Build.0 = Debug|Any CPU
		{1F58B5CB-66AE-4503-B5E5-304CA9643A9E}.Release|Any CPU.ActiveCfg = Release|Any CPU
		{1F58B5CB-66AE-4503-B5E5-304CA9643A9E}.Release|Any CPU.Build.0 = Release|Any CPU
		{9E02BD86-57E6-46F2-A5AB-291424D99543}.Debug|Any CPU.ActiveCfg = Debug|Any CPU
		{9E02BD86-57E6-46F2-A5AB-291424D99543}.Debug|Any CPU.Build.0 = Debug|Any CPU
		{9E02BD86-57E6-46F2-A5AB-291424D99543}.Release|Any CPU.ActiveCfg = Release|Any CPU
		{9E02BD86-57E6-46F2-A5AB-291424D99543}.Release|Any CPU.Build.0 = Release|Any CPU
		{D22F2F8E-CABC-47A7-AD70-F6426BD54374}.Debug|Any CPU.ActiveCfg = Debug|Any CPU
		{D22F2F8E-CABC-47A7-AD70-F6426BD54374}.Debug|Any CPU.Build.0 = Debug|Any CPU
		{D22F2F8E-CABC-47A7-AD70-F6426BD54374}.Release|Any CPU.ActiveCfg = Release|Any CPU
		{D22F2F8E-CABC-47A7-AD70-F6426BD54374}.Release|Any CPU.Build.0 = Release|Any CPU
		{6FEC9985-6FD8-48C3-A7B2-88481E0107E1}.Debug|Any CPU.ActiveCfg = Debug|Any CPU
		{6FEC9985-6FD8-48C3-A7B2-88481E0107E1}.Debug|Any CPU.Build.0 = Debug|Any CPU
		{6FEC9985-6FD8-48C3-A7B2-88481E0107E1}.Release|Any CPU.ActiveCfg = Release|Any CPU
		{6FEC9985-6FD8-48C3-A7B2-88481E0107E1}.Release|Any CPU.Build.0 = Release|Any CPU
		{E4340E90-4222-4CA8-B073-5EB9D982BEE1}.Debug|Any CPU.ActiveCfg = Debug|Any CPU
		{E4340E90-4222-4CA8-B073-5EB9D982BEE1}.Debug|Any CPU.Build.0 = Debug|Any CPU
		{E4340E90-4222-4CA8-B073-5EB9D982BEE1}.Release|Any CPU.ActiveCfg = Release|Any CPU
		{E4340E90-4222-4CA8-B073-5EB9D982BEE1}.Release|Any CPU.Build.0 = Release|Any CPU
		{EFF16739-CBB2-41A1-A67F-65F4A240EC17}.Debug|Any CPU.ActiveCfg = Debug|Any CPU
		{EFF16739-CBB2-41A1-A67F-65F4A240EC17}.Debug|Any CPU.Build.0 = Debug|Any CPU
		{EFF16739-CBB2-41A1-A67F-65F4A240EC17}.Release|Any CPU.ActiveCfg = Release|Any CPU
		{EFF16739-CBB2-41A1-A67F-65F4A240EC17}.Release|Any CPU.Build.0 = Release|Any CPU
	EndGlobalSection
	GlobalSection(SolutionProperties) = preSolution
		HideSolutionNode = FALSE
	EndGlobalSection
	GlobalSection(NestedProjects) = preSolution
		{E4340E90-4222-4CA8-B073-5EB9D982BEE1} = {4C02A444-E8AC-4E38-B105-1F429BDF4AD4}
		{EFF16739-CBB2-41A1-A67F-65F4A240EC17} = {4C02A444-E8AC-4E38-B105-1F429BDF4AD4}
	EndGlobalSection
	GlobalSection(ExtensibilityGlobals) = postSolution
		SolutionGuid = {83F60D1D-2333-4C39-A563-2D13AB735C60}
	EndGlobalSection
EndGlobal
